
Microsoft Visual Studio Solution File, Format Version 12.00
# Visual Studio Version 16
VisualStudioVersion = 16.0.29215.179
MinimumVisualStudioVersion = 10.0.40219.1
Project("{9A19103F-16F7-4668-BE54-9A1E7A4F7556}") = "solve-crozzle", "solve-crozzle.csproj", "{A28229A5-6EE8-4CB2-B6B8-72D80E545E1E}"
	ProjectSection(ProjectDependencies) = postProject
		{DEA7088C-11D3-45C0-86C1-AC0CACC9DF6C} = {DEA7088C-11D3-45C0-86C1-AC0CACC9DF6C}
	EndProjectSection
EndProject
Project("{9A19103F-16F7-4668-BE54-9A1E7A4F7556}") = "crozzle", "..\crozzle\crozzle.csproj", "{DEA7088C-11D3-45C0-86C1-AC0CACC9DF6C}"
EndProject
Project("{9A19103F-16F7-4668-BE54-9A1E7A4F7556}") = "crozzle-desktop", "..\crozzle-desktop\crozzle-desktop.csproj", "{408543A0-6788-463E-9896-66FA29744327}"
EndProject
Project("{9A19103F-16F7-4668-BE54-9A1E7A4F7556}") = "crozzle-tests", "..\crozzle-tests\crozzle-tests.csproj", "{5395D4CF-951E-49FD-B1F9-45D10C8B8DB9}"
EndProject
Project("{9A19103F-16F7-4668-BE54-9A1E7A4F7556}") = "crozzle-graph-desktop", "..\crozzle-graph-desktop\crozzle-graph-desktop.csproj", "{530D678B-ABA8-4846-A4D1-5D333FD4D289}"
EndProject
Project("{9A19103F-16F7-4668-BE54-9A1E7A4F7556}") = "crozzle-graph", "..\crozzle-graph\crozzle-graph.csproj", "{24D4487A-AD4F-4AE0-8E51-46AACAA4C352}"
EndProject
Project("{FAE04EC0-301F-11D3-BF4B-00C04F79EFBC}") = "crozzle-controls", "..\crozzle-controls\crozzle-controls.csproj", "{C8CF5806-5A3B-4D1E-BF3B-8722D607DC43}"
EndProject
Global
	GlobalSection(SolutionConfigurationPlatforms) = preSolution
		Debug|Any CPU = Debug|Any CPU
		Release|Any CPU = Release|Any CPU
	EndGlobalSection
	GlobalSection(ProjectConfigurationPlatforms) = postSolution
		{A28229A5-6EE8-4CB2-B6B8-72D80E545E1E}.Debug|Any CPU.ActiveCfg = Debug|Any CPU
		{A28229A5-6EE8-4CB2-B6B8-72D80E545E1E}.Debug|Any CPU.Build.0 = Debug|Any CPU
		{A28229A5-6EE8-4CB2-B6B8-72D80E545E1E}.Release|Any CPU.ActiveCfg = Release|Any CPU
		{A28229A5-6EE8-4CB2-B6B8-72D80E545E1E}.Release|Any CPU.Build.0 = Release|Any CPU
		{DEA7088C-11D3-45C0-86C1-AC0CACC9DF6C}.Debug|Any CPU.ActiveCfg = Debug|Any CPU
		{DEA7088C-11D3-45C0-86C1-AC0CACC9DF6C}.Debug|Any CPU.Build.0 = Debug|Any CPU
		{DEA7088C-11D3-45C0-86C1-AC0CACC9DF6C}.Release|Any CPU.ActiveCfg = Release|Any CPU
		{DEA7088C-11D3-45C0-86C1-AC0CACC9DF6C}.Release|Any CPU.Build.0 = Release|Any CPU
		{408543A0-6788-463E-9896-66FA29744327}.Debug|Any CPU.ActiveCfg = Debug|Any CPU
		{408543A0-6788-463E-9896-66FA29744327}.Debug|Any CPU.Build.0 = Debug|Any CPU
		{408543A0-6788-463E-9896-66FA29744327}.Release|Any CPU.ActiveCfg = Release|Any CPU
		{408543A0-6788-463E-9896-66FA29744327}.Release|Any CPU.Build.0 = Release|Any CPU
		{5395D4CF-951E-49FD-B1F9-45D10C8B8DB9}.Debug|Any CPU.ActiveCfg = Debug|Any CPU
		{5395D4CF-951E-49FD-B1F9-45D10C8B8DB9}.Debug|Any CPU.Build.0 = Debug|Any CPU
		{5395D4CF-951E-49FD-B1F9-45D10C8B8DB9}.Release|Any CPU.ActiveCfg = Release|Any CPU
		{5395D4CF-951E-49FD-B1F9-45D10C8B8DB9}.Release|Any CPU.Build.0 = Release|Any CPU
		{530D678B-ABA8-4846-A4D1-5D333FD4D289}.Debug|Any CPU.ActiveCfg = Debug|Any CPU
		{530D678B-ABA8-4846-A4D1-5D333FD4D289}.Debug|Any CPU.Build.0 = Debug|Any CPU
		{530D678B-ABA8-4846-A4D1-5D333FD4D289}.Release|Any CPU.ActiveCfg = Release|Any CPU
		{530D678B-ABA8-4846-A4D1-5D333FD4D289}.Release|Any CPU.Build.0 = Release|Any CPU
		{24D4487A-AD4F-4AE0-8E51-46AACAA4C352}.Debug|Any CPU.ActiveCfg = Debug|Any CPU
		{24D4487A-AD4F-4AE0-8E51-46AACAA4C352}.Debug|Any CPU.Build.0 = Debug|Any CPU
		{24D4487A-AD4F-4AE0-8E51-46AACAA4C352}.Release|Any CPU.ActiveCfg = Release|Any CPU
		{24D4487A-AD4F-4AE0-8E51-46AACAA4C352}.Release|Any CPU.Build.0 = Release|Any CPU
		{C8CF5806-5A3B-4D1E-BF3B-8722D607DC43}.Debug|Any CPU.ActiveCfg = Debug|Any CPU
		{C8CF5806-5A3B-4D1E-BF3B-8722D607DC43}.Debug|Any CPU.Build.0 = Debug|Any CPU
		{C8CF5806-5A3B-4D1E-BF3B-8722D607DC43}.Release|Any CPU.ActiveCfg = Release|Any CPU
		{C8CF5806-5A3B-4D1E-BF3B-8722D607DC43}.Release|Any CPU.Build.0 = Release|Any CPU
	EndGlobalSection
	GlobalSection(SolutionProperties) = preSolution
		HideSolutionNode = FALSE
	EndGlobalSection
	GlobalSection(ExtensibilityGlobals) = postSolution
		SolutionGuid = {0E4FE13A-FFD4-4D21-809B-232AE89B8459}
	EndGlobalSection
EndGlobal
